
Microsoft Visual Studio Solution File, Format Version 12.00
# Visual Studio Version 16
VisualStudioVersion = 16.0.30225.117
MinimumVisualStudioVersion = 10.0.40219.1
Project("{FAE04EC0-301F-11D3-BF4B-00C04F79EFBC}") = "CookbookApplication.API", "CookbookApplication.API\CookbookApplication.API.csproj", "{F7D5B795-8C74-4B4B-919F-6F86CCEF068B}"
EndProject
Project("{FAE04EC0-301F-11D3-BF4B-00C04F79EFBC}") = "CookbookApplication.BL", "CookbookApplication.BL\CookbookApplication.BL.csproj", "{C4540DFF-15AF-4AAF-A643-EB9AC95DD774}"
EndProject
Project("{FAE04EC0-301F-11D3-BF4B-00C04F79EFBC}") = "CookbookApplication.DAL", "CookbookApplication.DAL\CookbookApplication.DAL.csproj", "{E1C8605B-5A67-4EAB-9ABD-AC24F5DE7821}"
EndProject
Project("{FAE04EC0-301F-11D3-BF4B-00C04F79EFBC}") = "CookbookApplication.Tests", "CookbookApplication.Tests\CookbookApplication.Tests.csproj", "{D3D33925-4970-44C5-87FD-CD9530CAF1E2}"
EndProject
Global
	GlobalSection(SolutionConfigurationPlatforms) = preSolution
		Debug|Any CPU = Debug|Any CPU
		Release|Any CPU = Release|Any CPU
	EndGlobalSection
	GlobalSection(ProjectConfigurationPlatforms) = postSolution
		{F7D5B795-8C74-4B4B-919F-6F86CCEF068B}.Debug|Any CPU.ActiveCfg = Debug|Any CPU
		{F7D5B795-8C74-4B4B-919F-6F86CCEF068B}.Debug|Any CPU.Build.0 = Debug|Any CPU
		{F7D5B795-8C74-4B4B-919F-6F86CCEF068B}.Release|Any CPU.ActiveCfg = Release|Any CPU
		{F7D5B795-8C74-4B4B-919F-6F86CCEF068B}.Release|Any CPU.Build.0 = Release|Any CPU
		{C4540DFF-15AF-4AAF-A643-EB9AC95DD774}.Debug|Any CPU.ActiveCfg = Debug|Any CPU
		{C4540DFF-15AF-4AAF-A643-EB9AC95DD774}.Debug|Any CPU.Build.0 = Debug|Any CPU
		{C4540DFF-15AF-4AAF-A643-EB9AC95DD774}.Release|Any CPU.ActiveCfg = Release|Any CPU
		{C4540DFF-15AF-4AAF-A643-EB9AC95DD774}.Release|Any CPU.Build.0 = Release|Any CPU
		{E1C8605B-5A67-4EAB-9ABD-AC24F5DE7821}.Debug|Any CPU.ActiveCfg = Debug|Any CPU
		{E1C8605B-5A67-4EAB-9ABD-AC24F5DE7821}.Debug|Any CPU.Build.0 = Debug|Any CPU
		{E1C8605B-5A67-4EAB-9ABD-AC24F5DE7821}.Release|Any CPU.ActiveCfg = Release|Any CPU
		{E1C8605B-5A67-4EAB-9ABD-AC24F5DE7821}.Release|Any CPU.Build.0 = Release|Any CPU
		{D3D33925-4970-44C5-87FD-CD9530CAF1E2}.Debug|Any CPU.ActiveCfg = Debug|Any CPU
		{D3D33925-4970-44C5-87FD-CD9530CAF1E2}.Debug|Any CPU.Build.0 = Debug|Any CPU
		{D3D33925-4970-44C5-87FD-CD9530CAF1E2}.Release|Any CPU.ActiveCfg = Release|Any CPU
		{D3D33925-4970-44C5-87FD-CD9530CAF1E2}.Release|Any CPU.Build.0 = Release|Any CPU
	EndGlobalSection
	GlobalSection(SolutionProperties) = preSolution
		HideSolutionNode = FALSE
	EndGlobalSection
	GlobalSection(ExtensibilityGlobals) = postSolution
		SolutionGuid = {2C0FB768-7FF9-4679-AF8C-4445579BF246}
	EndGlobalSection
EndGlobal
